
Microsoft Visual Studio Solution File, Format Version 12.00
# Visual Studio Version 17
VisualStudioVersion = 17.6.33829.357
MinimumVisualStudioVersion = 10.0.40219.1
Project("{FAE04EC0-301F-11D3-BF4B-00C04F79EFBC}") = "BlazorProjectFTNetSecu.Server", "BlazorProjectFTNetSecu\Server\BlazorProjectFTNetSecu.Server.csproj", "{A70C8FB8-2C5B-41DB-BAEC-35C4B3B09C08}"
EndProject
Project("{FAE04EC0-301F-11D3-BF4B-00C04F79EFBC}") = "BlazorProjectFTNetSecu.Client", "BlazorProjectFTNetSecu\Client\BlazorProjectFTNetSecu.Client.csproj", "{420A2757-E6FF-4394-8BE0-A3A790D37420}"
EndProject
Project("{FAE04EC0-301F-11D3-BF4B-00C04F79EFBC}") = "BlazorProjectFTNetSecu.Shared", "BlazorProjectFTNetSecu\Shared\BlazorProjectFTNetSecu.Shared.csproj", "{408BC3DC-0641-4F1D-B23D-2AC4D833C169}"
EndProject
Global
	GlobalSection(SolutionConfigurationPlatforms) = preSolution
		Debug|Any CPU = Debug|Any CPU
		Release|Any CPU = Release|Any CPU
	EndGlobalSection
	GlobalSection(ProjectConfigurationPlatforms) = postSolution
		{A70C8FB8-2C5B-41DB-BAEC-35C4B3B09C08}.Debug|Any CPU.ActiveCfg = Debug|Any CPU
		{A70C8FB8-2C5B-41DB-BAEC-35C4B3B09C08}.Debug|Any CPU.Build.0 = Debug|Any CPU
		{A70C8FB8-2C5B-41DB-BAEC-35C4B3B09C08}.Release|Any CPU.ActiveCfg = Release|Any CPU
		{A70C8FB8-2C5B-41DB-BAEC-35C4B3B09C08}.Release|Any CPU.Build.0 = Release|Any CPU
		{420A2757-E6FF-4394-8BE0-A3A790D37420}.Debug|Any CPU.ActiveCfg = Debug|Any CPU
		{420A2757-E6FF-4394-8BE0-A3A790D37420}.Debug|Any CPU.Build.0 = Debug|Any CPU
		{420A2757-E6FF-4394-8BE0-A3A790D37420}.Release|Any CPU.ActiveCfg = Release|Any CPU
		{420A2757-E6FF-4394-8BE0-A3A790D37420}.Release|Any CPU.Build.0 = Release|Any CPU
		{408BC3DC-0641-4F1D-B23D-2AC4D833C169}.Debug|Any CPU.ActiveCfg = Debug|Any CPU
		{408BC3DC-0641-4F1D-B23D-2AC4D833C169}.Debug|Any CPU.Build.0 = Debug|Any CPU
		{408BC3DC-0641-4F1D-B23D-2AC4D833C169}.Release|Any CPU.ActiveCfg = Release|Any CPU
		{408BC3DC-0641-4F1D-B23D-2AC4D833C169}.Release|Any CPU.Build.0 = Release|Any CPU
	EndGlobalSection
	GlobalSection(SolutionProperties) = preSolution
		HideSolutionNode = FALSE
	EndGlobalSection
	GlobalSection(ExtensibilityGlobals) = postSolution
		SolutionGuid = {4C4B9F1F-BE74-4098-951F-CDEDFEB8153E}
	EndGlobalSection
EndGlobal
